
Microsoft Visual Studio Solution File, Format Version 12.00
# Visual Studio Version 16
VisualStudioVersion = 16.0.29503.13
MinimumVisualStudioVersion = 10.0.40219.1
Project("{00D1A9C2-B5F0-4AF3-8072-F6C62B433612}") = "CLRTest", "CLRTest.sqlproj", "{1561D9E2-1F63-4FC8-9122-4E49C268F450}"
EndProject
Global
	GlobalSection(SolutionConfigurationPlatforms) = preSolution
		Debug|Any CPU = Debug|Any CPU
		Release|Any CPU = Release|Any CPU
	EndGlobalSection
	GlobalSection(ProjectConfigurationPlatforms) = postSolution
		{1561D9E2-1F63-4FC8-9122-4E49C268F450}.Debug|Any CPU.ActiveCfg = Debug|Any CPU
		{1561D9E2-1F63-4FC8-9122-4E49C268F450}.Debug|Any CPU.Build.0 = Debug|Any CPU
		{1561D9E2-1F63-4FC8-9122-4E49C268F450}.Debug|Any CPU.Deploy.0 = Debug|Any CPU
		{1561D9E2-1F63-4FC8-9122-4E49C268F450}.Release|Any CPU.ActiveCfg = Release|Any CPU
		{1561D9E2-1F63-4FC8-9122-4E49C268F450}.Release|Any CPU.Build.0 = Release|Any CPU
		{1561D9E2-1F63-4FC8-9122-4E49C268F450}.Release|Any CPU.Deploy.0 = Release|Any CPU
	EndGlobalSection
	GlobalSection(SolutionProperties) = preSolution
		HideSolutionNode = FALSE
	EndGlobalSection
	GlobalSection(ExtensibilityGlobals) = postSolution
		SolutionGuid = {08A0E604-93C1-4DB3-89F3-E9728A167595}
	EndGlobalSection
EndGlobal
